
Microsoft Visual Studio Solution File, Format Version 12.00
# Visual Studio Version 17
VisualStudioVersion = 17.7.34221.43
MinimumVisualStudioVersion = 10.0.40219.1
Project("{8BC9CEB8-8B4A-11D0-8D11-00A0C91BC942}") = "Engine", "Engine\Engine.vcxproj", "{017DC0B1-6597-4077-A8DC-A45EEBA2BA4A}"
EndProject
Project("{FAE04EC0-301F-11D3-BF4B-00C04F79EFBC}") = "ObserverEditor", "ObserverEditor\ObserverEditor.csproj", "{2C95A9DA-53A3-4EF7-8CD8-0CF458FC8EA6}"
EndProject
Global
	GlobalSection(SolutionConfigurationPlatforms) = preSolution
		Debug|Any CPU = Debug|Any CPU
		Debug|x64 = Debug|x64
		Debug|x86 = Debug|x86
		Release|Any CPU = Release|Any CPU
		Release|x64 = Release|x64
		Release|x86 = Release|x86
	EndGlobalSection
	GlobalSection(ProjectConfigurationPlatforms) = postSolution
		{017DC0B1-6597-4077-A8DC-A45EEBA2BA4A}.Debug|Any CPU.ActiveCfg = Debug|x64
		{017DC0B1-6597-4077-A8DC-A45EEBA2BA4A}.Debug|Any CPU.Build.0 = Debug|x64
		{017DC0B1-6597-4077-A8DC-A45EEBA2BA4A}.Debug|x64.ActiveCfg = Debug|x64
		{017DC0B1-6597-4077-A8DC-A45EEBA2BA4A}.Debug|x64.Build.0 = Debug|x64
		{017DC0B1-6597-4077-A8DC-A45EEBA2BA4A}.Debug|x86.ActiveCfg = Debug|Win32
		{017DC0B1-6597-4077-A8DC-A45EEBA2BA4A}.Debug|x86.Build.0 = Debug|Win32
		{017DC0B1-6597-4077-A8DC-A45EEBA2BA4A}.Release|Any CPU.ActiveCfg = Release|x64
		{017DC0B1-6597-4077-A8DC-A45EEBA2BA4A}.Release|Any CPU.Build.0 = Release|x64
		{017DC0B1-6597-4077-A8DC-A45EEBA2BA4A}.Release|x64.ActiveCfg = Release|x64
		{017DC0B1-6597-4077-A8DC-A45EEBA2BA4A}.Release|x64.Build.0 = Release|x64
		{017DC0B1-6597-4077-A8DC-A45EEBA2BA4A}.Release|x86.ActiveCfg = Release|Win32
		{017DC0B1-6597-4077-A8DC-A45EEBA2BA4A}.Release|x86.Build.0 = Release|Win32
		{2C95A9DA-53A3-4EF7-8CD8-0CF458FC8EA6}.Debug|Any CPU.ActiveCfg = Debug|Any CPU
		{2C95A9DA-53A3-4EF7-8CD8-0CF458FC8EA6}.Debug|Any CPU.Build.0 = Debug|Any CPU
		{2C95A9DA-53A3-4EF7-8CD8-0CF458FC8EA6}.Debug|x64.ActiveCfg = Debug|Any CPU
		{2C95A9DA-53A3-4EF7-8CD8-0CF458FC8EA6}.Debug|x64.Build.0 = Debug|Any CPU
		{2C95A9DA-53A3-4EF7-8CD8-0CF458FC8EA6}.Debug|x86.ActiveCfg = Debug|Any CPU
		{2C95A9DA-53A3-4EF7-8CD8-0CF458FC8EA6}.Debug|x86.Build.0 = Debug|Any CPU
		{2C95A9DA-53A3-4EF7-8CD8-0CF458FC8EA6}.Release|Any CPU.ActiveCfg = Release|Any CPU
		{2C95A9DA-53A3-4EF7-8CD8-0CF458FC8EA6}.Release|Any CPU.Build.0 = Release|Any CPU
		{2C95A9DA-53A3-4EF7-8CD8-0CF458FC8EA6}.Release|x64.ActiveCfg = Release|Any CPU
		{2C95A9DA-53A3-4EF7-8CD8-0CF458FC8EA6}.Release|x64.Build.0 = Release|Any CPU
		{2C95A9DA-53A3-4EF7-8CD8-0CF458FC8EA6}.Release|x86.ActiveCfg = Release|Any CPU
		{2C95A9DA-53A3-4EF7-8CD8-0CF458FC8EA6}.Release|x86.Build.0 = Release|Any CPU
	EndGlobalSection
	GlobalSection(SolutionProperties) = preSolution
		HideSolutionNode = FALSE
	EndGlobalSection
	GlobalSection(ExtensibilityGlobals) = postSolution
		SolutionGuid = {AFD2FEB2-2CB2-4B3B-90D6-6B3A743A21DC}
	EndGlobalSection
EndGlobal
